// !$*UTF8*$!
{
	archiveVersion = 1;
	classes = {
	};
	objectVersion = 46;
	objects = {

/* Begin PBXBuildFile section */
		C63D420714869617006F2EAC /* CalculatorBrain.m in Sources */ = {isa = PBXBuildFile; fileRef = C63D420614869617006F2EAC /* CalculatorBrain.m */; };
		C64A5AD014867CA6009340B0 /* UIKit.framework in Frameworks */ = {isa = PBXBuildFile; fileRef = C64A5ACF14867CA6009340B0 /* UIKit.framework */; };
		C64A5AD214867CA6009340B0 /* Foundation.framework in Frameworks */ = {isa = PBXBuildFile; fileRef = C64A5AD114867CA6009340B0 /* Foundation.framework */; };
		C64A5AD414867CA6009340B0 /* CoreGraphics.framework in Frameworks */ = {isa = PBXBuildFile; fileRef = C64A5AD314867CA6009340B0 /* CoreGraphics.framework */; };
		C64A5ADA14867CA6009340B0 /* InfoPlist.strings in Resources */ = {isa = PBXBuildFile; fileRef = C64A5AD814867CA6009340B0 /* InfoPlist.strings */; };
		C64A5ADC14867CA6009340B0 /* main.m in Sources */ = {isa = PBXBuildFile; fileRef = C64A5ADB14867CA6009340B0 /* main.m */; };
		C64A5AE014867CA6009340B0 /* CalculatorAppDelegate.m in Sources */ = {isa = PBXBuildFile; fileRef = C64A5ADF14867CA6009340B0 /* CalculatorAppDelegate.m */; };
		C64A5AE314867CA7009340B0 /* MainStoryboard.storyboard in Resources */ = {isa = PBXBuildFile; fileRef = C64A5AE114867CA7009340B0 /* MainStoryboard.storyboard */; };
		C64A5AE614867CA7009340B0 /* CalculatorViewController.m in Sources */ = {isa = PBXBuildFile; fileRef = C64A5AE514867CA7009340B0 /* CalculatorViewController.m */; };
/* End PBXBuildFile section */

/* Begin PBXFileReference section */
		C63D420514869617006F2EAC /* CalculatorBrain.h */ = {isa = PBXFileReference; fileEncoding = 4; lastKnownFileType = sourcecode.c.h; path = CalculatorBrain.h; sourceTree = "<group>"; };
		C63D420614869617006F2EAC /* CalculatorBrain.m */ = {isa = PBXFileReference; fileEncoding = 4; lastKnownFileType = sourcecode.c.objc; path = CalculatorBrain.m; sourceTree = "<group>"; };
		C64A5ACB14867CA6009340B0 /* Calculator.app */ = {isa = PBXFileReference; explicitFileType = wrapper.application; includeInIndex = 0; path = Calculator.app; sourceTree = BUILT_PRODUCTS_DIR; };
		C64A5ACF14867CA6009340B0 /* UIKit.framework */ = {isa = PBXFileReference; lastKnownFileType = wrapper.framework; name = UIKit.framework; path = System/Library/Frameworks/UIKit.framework; sourceTree = SDKROOT; };
		C64A5AD114867CA6009340B0 /* Foundation.framework */ = {isa = PBXFileReference; lastKnownFileType = wrapper.framework; name = Foundation.framework; path = System/Library/Frameworks/Foundation.framework; sourceTree = SDKROOT; };
		C64A5AD314867CA6009340B0 /* CoreGraphics.framework */ = {isa = PBXFileReference; lastKnownFileType = wrapper.framework; name = CoreGraphics.framework; path = System/Library/Frameworks/CoreGraphics.framework; sourceTree = SDKROOT; };
		C64A5AD714867CA6009340B0 /* Calculator-Info.plist */ = {isa = PBXFileReference; lastKnownFileType = text.plist.xml; path = "Calculator-Info.plist"; sourceTree = "<group>"; };
		C64A5AD914867CA6009340B0 /* en */ = {isa = PBXFileReference; lastKnownFileType = text.plist.strings; name = en; path = en.lproj/InfoPlist.strings; sourceTree = "<group>"; };
		C64A5ADB14867CA6009340B0 /* main.m */ = {isa = PBXFileReference; lastKnownFileType = sourcecode.c.objc; path = main.m; sourceTree = "<group>"; };
		C64A5ADD14867CA6009340B0 /* Calculator-Prefix.pch */ = {isa = PBXFileReference; lastKnownFileType = sourcecode.c.h; path = "Calculator-Prefix.pch"; sourceTree = "<group>"; };
		C64A5ADE14867CA6009340B0 /* CalculatorAppDelegate.h */ = {isa = PBXFileReference; lastKnownFileType = sourcecode.c.h; path = CalculatorAppDelegate.h; sourceTree = "<group>"; };
		C64A5ADF14867CA6009340B0 /* CalculatorAppDelegate.m */ = {isa = PBXFileReference; lastKnownFileType = sourcecode.c.objc; path = CalculatorAppDelegate.m; sourceTree = "<group>"; };
		C64A5AE214867CA7009340B0 /* en */ = {isa = PBXFileReference; lastKnownFileType = file.storyboard; name = en; path = en.lproj/MainStoryboard.storyboard; sourceTree = "<group>"; };
		C64A5AE414867CA7009340B0 /* CalculatorViewController.h */ = {isa = PBXFileReference; lastKnownFileType = sourcecode.c.h; path = CalculatorViewController.h; sourceTree = "<group>"; };
		C64A5AE514867CA7009340B0 /* CalculatorViewController.m */ = {isa = PBXFileReference; lastKnownFileType = sourcecode.c.objc; path = CalculatorViewController.m; sourceTree = "<group>"; };
/* End PBXFileReference section */

/* Begin PBXFrameworksBuildPhase section */
		C64A5AC814867CA6009340B0 /* Frameworks */ = {
			isa = PBXFrameworksBuildPhase;
			buildActionMask = 2147483647;
			files = (
				C64A5AD014867CA6009340B0 /* UIKit.framework in Frameworks */,
				C64A5AD214867CA6009340B0 /* Foundation.framework in Frameworks */,
				C64A5AD414867CA6009340B0 /* CoreGraphics.framework in Frameworks */,
			);
			runOnlyForDeploymentPostprocessing = 0;
		};
/* End PBXFrameworksBuildPhase section */

/* Begin PBXGroup section */
		C64A5AC014867CA6009340B0 = {
			isa = PBXGroup;
			children = (
				C64A5AD514867CA6009340B0 /* Calculator */,
				C64A5ACE14867CA6009340B0 /* Frameworks */,
				C64A5ACC14867CA6009340B0 /* Products */,
			);
			sourceTree = "<group>";
		};
		C64A5ACC14867CA6009340B0 /* Products */ = {
			isa = PBXGroup;
			children = (
				C64A5ACB14867CA6009340B0 /* Calculator.app */,
			);
			name = Products;
			sourceTree = "<group>";
		};
		C64A5ACE14867CA6009340B0 /* Frameworks */ = {
			isa = PBXGroup;
			children = (
				C64A5ACF14867CA6009340B0 /* UIKit.framework */,
				C64A5AD114867CA6009340B0 /* Foundation.framework */,
				C64A5AD314867CA6009340B0 /* CoreGraphics.framework */,
			);
			name = Frameworks;
			sourceTree = "<group>";
		};
		C64A5AD514867CA6009340B0 /* Calculator */ = {
			isa = PBXGroup;
			children = (
				C64A5ADE14867CA6009340B0 /* CalculatorAppDelegate.h */,
				C64A5ADF14867CA6009340B0 /* CalculatorAppDelegate.m */,
				C64A5AE114867CA7009340B0 /* MainStoryboard.storyboard */,
				C63D420514869617006F2EAC /* CalculatorBrain.h */,
				C63D420614869617006F2EAC /* CalculatorBrain.m */,
				C64A5AE414867CA7009340B0 /* CalculatorViewController.h */,
				C64A5AE514867CA7009340B0 /* CalculatorViewController.m */,
				C64A5AD614867CA6009340B0 /* Supporting Files */,
			);
			path = Calculator;
			sourceTree = "<group>";
		};
		C64A5AD614867CA6009340B0 /* Supporting Files */ = {
			isa = PBXGroup;
			children = (
				C64A5AD714867CA6009340B0 /* Calculator-Info.plist */,
				C64A5AD814867CA6009340B0 /* InfoPlist.strings */,
				C64A5ADB14867CA6009340B0 /* main.m */,
				C64A5ADD14867CA6009340B0 /* Calculator-Prefix.pch */,
			);
			name = "Supporting Files";
			sourceTree = "<group>";
		};
/* End PBXGroup section */

/* Begin PBXNativeTarget section */
		C64A5ACA14867CA6009340B0 /* Calculator */ = {
			isa = PBXNativeTarget;
			buildConfigurationList = C64A5AE914867CA7009340B0 /* Build configuration list for PBXNativeTarget "Calculator" */;
			buildPhases = (
				C64A5AC714867CA6009340B0 /* Sources */,
				C64A5AC814867CA6009340B0 /* Frameworks */,
				C64A5AC914867CA6009340B0 /* Resources */,
			);
			buildRules = (
			);
			dependencies = (
			);
			name = Calculator;
			productName = Calculator;
			productReference = C64A5ACB14867CA6009340B0 /* Calculator.app */;
			productType = "com.apple.product-type.application";
		};
/* End PBXNativeTarget section */

/* Begin PBXProject section */
		C64A5AC214867CA6009340B0 /* Project object */ = {
			isa = PBXProject;
			attributes = {
				LastUpgradeCheck = 0420;
			};
			buildConfigurationList = C64A5AC514867CA6009340B0 /* Build configuration list for PBXProject "Calculator" */;
			compatibilityVersion = "Xcode 3.2";
			developmentRegion = English;
			hasScannedForEncodings = 0;
			knownRegions = (
				en,
			);
			mainGroup = C64A5AC014867CA6009340B0;
			productRefGroup = C64A5ACC14867CA6009340B0 /* Products */;
			projectDirPath = "";
			projectRoot = "";
			targets = (
				C64A5ACA14867CA6009340B0 /* Calculator */,
			);
		};
/* End PBXProject section */

/* Begin PBXResourcesBuildPhase section */
		C64A5AC914867CA6009340B0 /* Resources */ = {
			isa = PBXResourcesBuildPhase;
			buildActionMask = 2147483647;
			files = (
				C64A5ADA14867CA6009340B0 /* InfoPlist.strings in Resources */,
				C64A5AE314867CA7009340B0 /* MainStoryboard.storyboard in Resources */,
			);
			runOnlyForDeploymentPostprocessing = 0;
		};
/* End PBXResourcesBuildPhase section */

/* Begin PBXSourcesBuildPhase section */
		C64A5AC714867CA6009340B0 /* Sources */ = {
			isa = PBXSourcesBuildPhase;
			buildActionMask = 2147483647;
			files = (
				C64A5ADC14867CA6009340B0 /* main.m in Sources */,
				C64A5AE014867CA6009340B0 /* CalculatorAppDelegate.m in Sources */,
				C64A5AE614867CA7009340B0 /* CalculatorViewController.m in Sources */,
				C63D420714869617006F2EAC /* CalculatorBrain.m in Sources */,
			);
			runOnlyForDeploymentPostprocessing = 0;
		};
/* End PBXSourcesBuildPhase section */

/* Begin PBXVariantGroup section */
		C64A5AD814867CA6009340B0 /* InfoPlist.strings */ = {
			isa = PBXVariantGroup;
			children = (
				C64A5AD914867CA6009340B0 /* en */,
			);
			name = InfoPlist.strings;
			sourceTree = "<group>";
		};
		C64A5AE114867CA7009340B0 /* MainStoryboard.storyboard */ = {
			isa = PBXVariantGroup;
			children = (
				C64A5AE214867CA7009340B0 /* en */,
			);
			name = MainStoryboard.storyboard;
			sourceTree = "<group>";
		};
/* End PBXVariantGroup section */

/* Begin XCBuildConfiguration section */
		C64A5AE714867CA7009340B0 /* Debug */ = {
			isa = XCBuildConfiguration;
			buildSettings = {
				ALWAYS_SEARCH_USER_PATHS = NO;
				ARCHS = "$(ARCHS_STANDARD_32_BIT)";
				CLANG_ENABLE_OBJC_ARC = YES;
				"CODE_SIGN_IDENTITY[sdk=iphoneos*]" = "iPhone Developer";
				COPY_PHASE_STRIP = NO;
				GCC_C_LANGUAGE_STANDARD = gnu99;
				GCC_DYNAMIC_NO_PIC = NO;
				GCC_OPTIMIZATION_LEVEL = 0;
				GCC_PREPROCESSOR_DEFINITIONS = (
					"DEBUG=1",
					"$(inherited)",
				);
				GCC_SYMBOLS_PRIVATE_EXTERN = NO;
				GCC_VERSION = com.apple.compilers.llvm.clang.1_0;
				GCC_WARN_ABOUT_MISSING_PROTOTYPES = YES;
				GCC_WARN_ABOUT_RETURN_TYPE = YES;
				GCC_WARN_UNUSED_VARIABLE = YES;
				IPHONEOS_DEPLOYMENT_TARGET = 5.0;
				SDKROOT = iphoneos;
			};
			name = Debug;
		};
		C64A5AE814867CA7009340B0 /* Release */ = {
			isa = XCBuildConfiguration;
			buildSettings = {
				ALWAYS_SEARCH_USER_PATHS = NO;
				ARCHS = "$(ARCHS_STANDARD_32_BIT)";
				CLANG_ENABLE_OBJC_ARC = YES;
				"CODE_SIGN_IDENTITY[sdk=iphoneos*]" = "iPhone Developer";
				COPY_PHASE_STRIP = YES;
				GCC_C_LANGUAGE_STANDARD = gnu99;
				GCC_VERSION = com.apple.compilers.llvm.clang.1_0;
				GCC_WARN_ABOUT_MISSING_PROTOTYPES = YES;
				GCC_WARN_ABOUT_RETURN_TYPE = YES;
				GCC_WARN_UNUSED_VARIABLE = YES;
				IPHONEOS_DEPLOYMENT_TARGET = 5.0;
				OTHER_CFLAGS = "-DNS_BLOCK_ASSERTIONS=1";
				SDKROOT = iphoneos;
				VALIDATE_PRODUCT = YES;
			};
			name = Release;
		};
		C64A5AEA14867CA7009340B0 /* Debug */ = {
			isa = XCBuildConfiguration;
			buildSettings = {
				GCC_PRECOMPILE_PREFIX_HEADER = YES;
				GCC_PREFIX_HEADER = "Calculator/Calculator-Prefix.pch";
				INFOPLIST_FILE = "Calculator/Calculator-Info.plist";
				PRODUCT_NAME = "$(TARGET_NAME)";
				WRAPPER_EXTENSION = app;
			};
			name = Debug;
		};
		C64A5AEB14867CA7009340B0 /* Release */ = {
			isa = XCBuildConfiguration;
			buildSettings = {
				GCC_PRECOMPILE_PREFIX_HEADER = YES;
				GCC_PREFIX_HEADER = "Calculator/Calculator-Prefix.pch";
				INFOPLIST_FILE = "Calculator/Calculator-Info.plist";
				PRODUCT_NAME = "$(TARGET_NAME)";
				WRAPPER_EXTENSION = app;
			};
			name = Release;
		};
/* End XCBuildConfiguration section */

/* Begin XCConfigurationList section */
		C64A5AC514867CA6009340B0 /* Build configuration list for PBXProject "Calculator" */ = {
			isa = XCConfigurationList;
			buildConfigurations = (
				C64A5AE714867CA7009340B0 /* Debug */,
				C64A5AE814867CA7009340B0 /* Release */,
			);
			defaultConfigurationIsVisible = 0;
			defaultConfigurationName = Release;
		};
		C64A5AE914867CA7009340B0 /* Build configuration list for PBXNativeTarget "Calculator" */ = {
			isa = XCConfigurationList;
			buildConfigurations = (
				C64A5AEA14867CA7009340B0 /* Debug */,
				C64A5AEB14867CA7009340B0 /* Release */,
			);
			defaultConfigurationIsVisible = 0;
			defaultConfigurationName = Release;
		};
/* End XCConfigurationList section */
	};
	rootObject = C64A5AC214867CA6009340B0 /* Project object */;
}
